// !$*UTF8*$!
{
	archiveVersion = 1;
	classes = {
	};
	objectVersion = 50;
	objects = {

/* Begin PBXBuildFile section */
		5121C3B02376E39B007098AD /* ElGamalSystem.swift in Sources */ = {isa = PBXBuildFile; fileRef = 5121C3AF2376E39B007098AD /* ElGamalSystem.swift */; };
		512E748E237450EE0076C52A /* AppDelegate.swift in Sources */ = {isa = PBXBuildFile; fileRef = 512E748D237450EE0076C52A /* AppDelegate.swift */; };
		512E7490237450EE0076C52A /* ViewController.swift in Sources */ = {isa = PBXBuildFile; fileRef = 512E748F237450EE0076C52A /* ViewController.swift */; };
		512E7492237450EF0076C52A /* Assets.xcassets in Resources */ = {isa = PBXBuildFile; fileRef = 512E7491237450EF0076C52A /* Assets.xcassets */; };
		512E7495237450EF0076C52A /* Main.storyboard in Resources */ = {isa = PBXBuildFile; fileRef = 512E7493237450EF0076C52A /* Main.storyboard */; };
		51CF2A8F23787D77007AF13A /* GameKit.framework in Frameworks */ = {isa = PBXBuildFile; fileRef = 51CF2A8E23787D77007AF13A /* GameKit.framework */; };
/* End PBXBuildFile section */

/* Begin PBXFileReference section */
		5121C3AF2376E39B007098AD /* ElGamalSystem.swift */ = {isa = PBXFileReference; lastKnownFileType = sourcecode.swift; path = ElGamalSystem.swift; sourceTree = "<group>"; };
		512E748A237450EE0076C52A /* ToI_L3.app */ = {isa = PBXFileReference; explicitFileType = wrapper.application; includeInIndex = 0; path = ToI_L3.app; sourceTree = BUILT_PRODUCTS_DIR; };
		512E748D237450EE0076C52A /* AppDelegate.swift */ = {isa = PBXFileReference; lastKnownFileType = sourcecode.swift; path = AppDelegate.swift; sourceTree = "<group>"; };
		512E748F237450EE0076C52A /* ViewController.swift */ = {isa = PBXFileReference; lastKnownFileType = sourcecode.swift; path = ViewController.swift; sourceTree = "<group>"; };
		512E7491237450EF0076C52A /* Assets.xcassets */ = {isa = PBXFileReference; lastKnownFileType = folder.assetcatalog; path = Assets.xcassets; sourceTree = "<group>"; };
		512E7494237450EF0076C52A /* Base */ = {isa = PBXFileReference; lastKnownFileType = file.storyboard; name = Base; path = Base.lproj/Main.storyboard; sourceTree = "<group>"; };
		512E7496237450EF0076C52A /* Info.plist */ = {isa = PBXFileReference; lastKnownFileType = text.plist.xml; path = Info.plist; sourceTree = "<group>"; };
		512E7497237450EF0076C52A /* ToI_L3.entitlements */ = {isa = PBXFileReference; lastKnownFileType = text.plist.entitlements; path = ToI_L3.entitlements; sourceTree = "<group>"; };
		51CF2A8E23787D77007AF13A /* GameKit.framework */ = {isa = PBXFileReference; lastKnownFileType = wrapper.framework; name = GameKit.framework; path = System/Library/Frameworks/GameKit.framework; sourceTree = SDKROOT; };
/* End PBXFileReference section */

/* Begin PBXFrameworksBuildPhase section */
		512E7487237450EE0076C52A /* Frameworks */ = {
			isa = PBXFrameworksBuildPhase;
			buildActionMask = 2147483647;
			files = (
				51CF2A8F23787D77007AF13A /* GameKit.framework in Frameworks */,
			);
			runOnlyForDeploymentPostprocessing = 0;
		};
/* End PBXFrameworksBuildPhase section */

/* Begin PBXGroup section */
		512E7481237450EE0076C52A = {
			isa = PBXGroup;
			children = (
				512E748C237450EE0076C52A /* ToI_L3 */,
				512E748B237450EE0076C52A /* Products */,
				51CF2A8D23787D77007AF13A /* Frameworks */,
			);
			sourceTree = "<group>";
		};
		512E748B237450EE0076C52A /* Products */ = {
			isa = PBXGroup;
			children = (
				512E748A237450EE0076C52A /* ToI_L3.app */,
			);
			name = Products;
			sourceTree = "<group>";
		};
		512E748C237450EE0076C52A /* ToI_L3 */ = {
			isa = PBXGroup;
			children = (
				512E748D237450EE0076C52A /* AppDelegate.swift */,
				512E748F237450EE0076C52A /* ViewController.swift */,
				5121C3AF2376E39B007098AD /* ElGamalSystem.swift */,
				512E7491237450EF0076C52A /* Assets.xcassets */,
				512E7493237450EF0076C52A /* Main.storyboard */,
				512E7496237450EF0076C52A /* Info.plist */,
				512E7497237450EF0076C52A /* ToI_L3.entitlements */,
			);
			path = ToI_L3;
			sourceTree = "<group>";
		};
		51CF2A8D23787D77007AF13A /* Frameworks */ = {
			isa = PBXGroup;
			children = (
				51CF2A8E23787D77007AF13A /* GameKit.framework */,
			);
			name = Frameworks;
			sourceTree = "<group>";
		};
/* End PBXGroup section */

/* Begin PBXNativeTarget section */
		512E7489237450EE0076C52A /* ToI_L3 */ = {
			isa = PBXNativeTarget;
			buildConfigurationList = 512E749A237450EF0076C52A /* Build configuration list for PBXNativeTarget "ToI_L3" */;
			buildPhases = (
				512E7486237450EE0076C52A /* Sources */,
				512E7487237450EE0076C52A /* Frameworks */,
				512E7488237450EE0076C52A /* Resources */,
			);
			buildRules = (
			);
			dependencies = (
			);
			name = ToI_L3;
			productName = ToI_L3;
			productReference = 512E748A237450EE0076C52A /* ToI_L3.app */;
			productType = "com.apple.product-type.application";
		};
/* End PBXNativeTarget section */

/* Begin PBXProject section */
		512E7482237450EE0076C52A /* Project object */ = {
			isa = PBXProject;
			attributes = {
				LastSwiftUpdateCheck = 1120;
				LastUpgradeCheck = 1120;
				ORGANIZATIONNAME = "Mikhail Kavaleuski";
				TargetAttributes = {
					512E7489237450EE0076C52A = {
						CreatedOnToolsVersion = 11.2;
					};
				};
			};
			buildConfigurationList = 512E7485237450EE0076C52A /* Build configuration list for PBXProject "ToI_L3" */;
			compatibilityVersion = "Xcode 9.3";
			developmentRegion = en;
			hasScannedForEncodings = 0;
			knownRegions = (
				en,
				Base,
			);
			mainGroup = 512E7481237450EE0076C52A;
			productRefGroup = 512E748B237450EE0076C52A /* Products */;
			projectDirPath = "";
			projectRoot = "";
			targets = (
				512E7489237450EE0076C52A /* ToI_L3 */,
			);
		};
/* End PBXProject section */

/* Begin PBXResourcesBuildPhase section */
		512E7488237450EE0076C52A /* Resources */ = {
			isa = PBXResourcesBuildPhase;
			buildActionMask = 2147483647;
			files = (
				512E7492237450EF0076C52A /* Assets.xcassets in Resources */,
				512E7495237450EF0076C52A /* Main.storyboard in Resources */,
			);
			runOnlyForDeploymentPostprocessing = 0;
		};
/* End PBXResourcesBuildPhase section */

/* Begin PBXSourcesBuildPhase section */
		512E7486237450EE0076C52A /* Sources */ = {
			isa = PBXSourcesBuildPhase;
			buildActionMask = 2147483647;
			files = (
				512E7490237450EE0076C52A /* ViewController.swift in Sources */,
				512E748E237450EE0076C52A /* AppDelegate.swift in Sources */,
				5121C3B02376E39B007098AD /* ElGamalSystem.swift in Sources */,
			);
			runOnlyForDeploymentPostprocessing = 0;
		};
/* End PBXSourcesBuildPhase section */

/* Begin PBXVariantGroup section */
		512E7493237450EF0076C52A /* Main.storyboard */ = {
			isa = PBXVariantGroup;
			children = (
				512E7494237450EF0076C52A /* Base */,
			);
			name = Main.storyboard;
			sourceTree = "<group>";
		};
/* End PBXVariantGroup section */

/* Begin XCBuildConfiguration section */
		512E7498237450EF0076C52A /* Debug */ = {
			isa = XCBuildConfiguration;
			buildSettings = {
				ALWAYS_SEARCH_USER_PATHS = NO;
				CLANG_ANALYZER_NONNULL = YES;
				CLANG_ANALYZER_NUMBER_OBJECT_CONVERSION = YES_AGGRESSIVE;
				CLANG_CXX_LANGUAGE_STANDARD = "gnu++14";
				CLANG_CXX_LIBRARY = "libc++";
				CLANG_ENABLE_MODULES = YES;
				CLANG_ENABLE_OBJC_ARC = YES;
				CLANG_ENABLE_OBJC_WEAK = YES;
				CLANG_WARN_BLOCK_CAPTURE_AUTORELEASING = YES;
				CLANG_WARN_BOOL_CONVERSION = YES;
				CLANG_WARN_COMMA = YES;
				CLANG_WARN_CONSTANT_CONVERSION = YES;
				CLANG_WARN_DEPRECATED_OBJC_IMPLEMENTATIONS = YES;
				CLANG_WARN_DIRECT_OBJC_ISA_USAGE = YES_ERROR;
				CLANG_WARN_DOCUMENTATION_COMMENTS = YES;
				CLANG_WARN_EMPTY_BODY = YES;
				CLANG_WARN_ENUM_CONVERSION = YES;
				CLANG_WARN_INFINITE_RECURSION = YES;
				CLANG_WARN_INT_CONVERSION = YES;
				CLANG_WARN_NON_LITERAL_NULL_CONVERSION = YES;
				CLANG_WARN_OBJC_IMPLICIT_RETAIN_SELF = YES;
				CLANG_WARN_OBJC_LITERAL_CONVERSION = YES;
				CLANG_WARN_OBJC_ROOT_CLASS = YES_ERROR;
				CLANG_WARN_RANGE_LOOP_ANALYSIS = YES;
				CLANG_WARN_STRICT_PROTOTYPES = YES;
				CLANG_WARN_SUSPICIOUS_MOVE = YES;
				CLANG_WARN_UNGUARDED_AVAILABILITY = YES_AGGRESSIVE;
				CLANG_WARN_UNREACHABLE_CODE = YES;
				CLANG_WARN__DUPLICATE_METHOD_MATCH = YES;
				COPY_PHASE_STRIP = NO;
				DEBUG_INFORMATION_FORMAT = dwarf;
				ENABLE_STRICT_OBJC_MSGSEND = YES;
				ENABLE_TESTABILITY = YES;
				GCC_C_LANGUAGE_STANDARD = gnu11;
				GCC_DYNAMIC_NO_PIC = NO;
				GCC_NO_COMMON_BLOCKS = YES;
				GCC_OPTIMIZATION_LEVEL = 0;
				GCC_PREPROCESSOR_DEFINITIONS = (
					"DEBUG=1",
					"$(inherited)",
				);
				GCC_WARN_64_TO_32_BIT_CONVERSION = YES;
				GCC_WARN_ABOUT_RETURN_TYPE = YES_ERROR;
				GCC_WARN_UNDECLARED_SELECTOR = YES;
				GCC_WARN_UNINITIALIZED_AUTOS = YES_AGGRESSIVE;
				GCC_WARN_UNUSED_FUNCTION = YES;
				GCC_WARN_UNUSED_VARIABLE = YES;
				MACOSX_DEPLOYMENT_TARGET = 10.15;
				MTL_ENABLE_DEBUG_INFO = INCLUDE_SOURCE;
				MTL_FAST_MATH = YES;
				ONLY_ACTIVE_ARCH = YES;
				SDKROOT = macosx;
				SWIFT_ACTIVE_COMPILATION_CONDITIONS = DEBUG;
				SWIFT_OPTIMIZATION_LEVEL = "-Onone";
			};
			name = Debug;
		};
		512E7499237450EF0076C52A /* Release */ = {
			isa = XCBuildConfiguration;
			buildSettings = {
				ALWAYS_SEARCH_USER_PATHS = NO;
				CLANG_ANALYZER_NONNULL = YES;
				CLANG_ANALYZER_NUMBER_OBJECT_CONVERSION = YES_AGGRESSIVE;
				CLANG_CXX_LANGUAGE_STANDARD = "gnu++14";
				CLANG_CXX_LIBRARY = "libc++";
				CLANG_ENABLE_MODULES = YES;
				CLANG_ENABLE_OBJC_ARC = YES;
				CLANG_ENABLE_OBJC_WEAK = YES;
				CLANG_WARN_BLOCK_CAPTURE_AUTORELEASING = YES;
				CLANG_WARN_BOOL_CONVERSION = YES;
				CLANG_WARN_COMMA = YES;
				CLANG_WARN_CONSTANT_CONVERSION = YES;
				CLANG_WARN_DEPRECATED_OBJC_IMPLEMENTATIONS = YES;
				CLANG_WARN_DIRECT_OBJC_ISA_USAGE = YES_ERROR;
				CLANG_WARN_DOCUMENTATION_COMMENTS = YES;
				CLANG_WARN_EMPTY_BODY = YES;
				CLANG_WARN_ENUM_CONVERSION = YES;
				CLANG_WARN_INFINITE_RECURSION = YES;
				CLANG_WARN_INT_CONVERSION = YES;
				CLANG_WARN_NON_LITERAL_NULL_CONVERSION = YES;
				CLANG_WARN_OBJC_IMPLICIT_RETAIN_SELF = YES;
				CLANG_WARN_OBJC_LITERAL_CONVERSION = YES;
				CLANG_WARN_OBJC_ROOT_CLASS = YES_ERROR;
				CLANG_WARN_RANGE_LOOP_ANALYSIS = YES;
				CLANG_WARN_STRICT_PROTOTYPES = YES;
				CLANG_WARN_SUSPICIOUS_MOVE = YES;
				CLANG_WARN_UNGUARDED_AVAILABILITY = YES_AGGRESSIVE;
				CLANG_WARN_UNREACHABLE_CODE = YES;
				CLANG_WARN__DUPLICATE_METHOD_MATCH = YES;
				COPY_PHASE_STRIP = NO;
				DEBUG_INFORMATION_FORMAT = "dwarf-with-dsym";
				ENABLE_NS_ASSERTIONS = NO;
				ENABLE_STRICT_OBJC_MSGSEND = YES;
				GCC_C_LANGUAGE_STANDARD = gnu11;
				GCC_NO_COMMON_BLOCKS = YES;
				GCC_WARN_64_TO_32_BIT_CONVERSION = YES;
				GCC_WARN_ABOUT_RETURN_TYPE = YES_ERROR;
				GCC_WARN_UNDECLARED_SELECTOR = YES;
				GCC_WARN_UNINITIALIZED_AUTOS = YES_AGGRESSIVE;
				GCC_WARN_UNUSED_FUNCTION = YES;
				GCC_WARN_UNUSED_VARIABLE = YES;
				MACOSX_DEPLOYMENT_TARGET = 10.15;
				MTL_ENABLE_DEBUG_INFO = NO;
				MTL_FAST_MATH = YES;
				SDKROOT = macosx;
				SWIFT_COMPILATION_MODE = wholemodule;
				SWIFT_OPTIMIZATION_LEVEL = "-O";
			};
			name = Release;
		};
		512E749B237450EF0076C52A /* Debug */ = {
			isa = XCBuildConfiguration;
			buildSettings = {
				ASSETCATALOG_COMPILER_APPICON_NAME = AppIcon;
				CODE_SIGN_ENTITLEMENTS = ToI_L3/ToI_L3.entitlements;
				CODE_SIGN_IDENTITY = "Apple Development";
				CODE_SIGN_STYLE = Automatic;
				COMBINE_HIDPI_IMAGES = YES;
				DEVELOPMENT_TEAM = 2RFRHVPMQL;
				ENABLE_HARDENED_RUNTIME = NO;
				INFOPLIST_FILE = ToI_L3/Info.plist;
				LD_RUNPATH_SEARCH_PATHS = (
					"$(inherited)",
					"@executable_path/../Frameworks",
				);
				PRODUCT_BUNDLE_IDENTIFIER = "com.Xcnk.ToI-L3";
				PRODUCT_NAME = "$(TARGET_NAME)";
				SWIFT_VERSION = 5.0;
			};
			name = Debug;
		};
		512E749C237450EF0076C52A /* Release */ = {
			isa = XCBuildConfiguration;
			buildSettings = {
				ASSETCATALOG_COMPILER_APPICON_NAME = AppIcon;
				CODE_SIGN_ENTITLEMENTS = ToI_L3/ToI_L3.entitlements;
				CODE_SIGN_IDENTITY = "Apple Development";
				CODE_SIGN_STYLE = Automatic;
				COMBINE_HIDPI_IMAGES = YES;
				DEVELOPMENT_TEAM = 2RFRHVPMQL;
				ENABLE_HARDENED_RUNTIME = NO;
				INFOPLIST_FILE = ToI_L3/Info.plist;
				LD_RUNPATH_SEARCH_PATHS = (
					"$(inherited)",
					"@executable_path/../Frameworks",
				);
				PRODUCT_BUNDLE_IDENTIFIER = "com.Xcnk.ToI-L3";
				PRODUCT_NAME = "$(TARGET_NAME)";
				SWIFT_VERSION = 5.0;
			};
			name = Release;
		};
/* End XCBuildConfiguration section */

/* Begin XCConfigurationList section */
		512E7485237450EE0076C52A /* Build configuration list for PBXProject "ToI_L3" */ = {
			isa = XCConfigurationList;
			buildConfigurations = (
				512E7498237450EF0076C52A /* Debug */,
				512E7499237450EF0076C52A /* Release */,
			);
			defaultConfigurationIsVisible = 0;
			defaultConfigurationName = Release;
		};
		512E749A237450EF0076C52A /* Build configuration list for PBXNativeTarget "ToI_L3" */ = {
			isa = XCConfigurationList;
			buildConfigurations = (
				512E749B237450EF0076C52A /* Debug */,
				512E749C237450EF0076C52A /* Release */,
			);
			defaultConfigurationIsVisible = 0;
			defaultConfigurationName = Release;
		};
/* End XCConfigurationList section */
	};
	rootObject = 512E7482237450EE0076C52A /* Project object */;
}
